schema: '2.0'
stages:
  data_ingestion:
    cmd: python src\CNNClassifier\pipeline\stage_01_data_ingestion.py
    deps:
    - path: config\config.yaml
      hash: md5
      md5: 44ff16e4da98fd3ef0d88c06b1f3aea9
      size: 820
    - path: src\CNNClassifier\pipeline\stage_01_data_ingestion.py
      hash: md5
      md5: 7f8e94f456e1f4163941053039d61532
      size: 912
    outs:
    - path: artifacts\data_ingestion\Chicken-fecal-images
      hash: md5
      md5: 9e1f8dd2eae3c29e9d635df89d438ae4.dir
      size: 12207807
      nfiles: 390
  prepare_base_model:
    cmd: python src\CNNClassifier\pipeline\stage_02_prepare_base_model.py
    deps:
    - path: config\config.yaml
      hash: md5
      md5: 44ff16e4da98fd3ef0d88c06b1f3aea9
      size: 820
    - path: params.yaml
      hash: md5
      md5: e7eb01f3d89225e9b39119937faa9aff
      size: 144
    - path: src\CNNClassifier\pipeline\stage_02_prepare_base_model.py
      hash: md5
      md5: 905a39583a4bdd3890a147600e583867
      size: 1001
    outs:
    - path: artifacts\prepare_base_model
      hash: md5
      md5: c8f049fd0df061d399491a21a2143186.dir
      size: 177181699
      nfiles: 3
  training:
    cmd: python src\CNNClassifier\pipeline\stage_03_training.py
    deps:
    - path: artifacts\data_ingestion
      hash: md5
      md5: 95481f8b858501a12327bdbf833befd9.dir
      size: 23824722
      nfiles: 391
    - path: artifacts\prepare_base_model
      hash: md5
      md5: 357296bc6b1d044654a9e3c841ab62fd.dir
      size: 118065107
      nfiles: 2
    - path: config\config.yaml
      hash: md5
      md5: 44ff16e4da98fd3ef0d88c06b1f3aea9
      size: 820
    - path: src\CNNClassifier\components\prepare_callback.py
      hash: md5
      md5: 28727d60d3ffbcfa42dc72b37a3d23c0
      size: 1006
    - path: src\CNNClassifier\pipeline\stage_03_training.py
      hash: md5
      md5: a55e23a65ffeb351d97536e5a2f27508
      size: 1265
    params:
      params.yaml:
        AUGMENTATION: true
        BATCH_SIZE: 16
        EPOCHS: 1
        IMAGE_SIZE:
        - 224
        - 224
        - 3
    outs:
    - path: artifacts\training\model.keras
      hash: md5
      md5: 1c39ab0c0b42c3bbc09e0f19c4f3ea0a
      size: 59137009
  evaluation:
    cmd: python src\CNNClassifier\pipeline\stage_04_evaluation.py
    deps:
    - path: artifacts\data_ingestion\Chicken-fecal-images
      hash: md5
      md5: 9e1f8dd2eae3c29e9d635df89d438ae4.dir
      size: 12207807
      nfiles: 390
    - path: artifacts\training\model.keras
      hash: md5
      md5: 1c39ab0c0b42c3bbc09e0f19c4f3ea0a
      size: 59137009
    - path: config\config.yaml
      hash: md5
      md5: 44ff16e4da98fd3ef0d88c06b1f3aea9
      size: 820
    - path: src\CNNClassifier\pipeline\stage_04_evaluation.py
      hash: md5
      md5: eb1ae648eef5386b87df941804ef05bf
      size: 883
    params:
      params.yaml:
        BATCH_SIZE: 16
        IMAGE_SIZE:
        - 224
        - 224
        - 3
    outs:
    - path: scores.json
      hash: md5
      md5: a98163bd3329e118e27ac1c54c575a94
      size: 73
